<?xml version="1.0" encoding="utf-8"?>
<Project ToolsVersion="4.0" xmlns="http://schemas.microsoft.com/developer/msbuild/2003">
  <ItemGroup>
    <Filter Include="Source Files">
      <UniqueIdentifier>{2d7f399a-d605-4c82-946e-88333465c0cb}</UniqueIdentifier>
      <Extensions>cpp;c;cxx;rc;def;r;odl;idl;hpj;bat</Extensions>
    </Filter>
    <Filter Include="Header Files">
      <UniqueIdentifier>{a0a77c43-7403-40de-8450-38b0435d6fd4}</UniqueIdentifier>
      <Extensions>h;hpp;hxx;hm;inl</Extensions>
    </Filter>
    <Filter Include="Resource Files">
      <UniqueIdentifier>{a42d5043-b2d9-4f1b-b0e9-371d6f8e8691}</UniqueIdentifier>
      <Extensions>ico;cur;bmp;dlg;rc2;rct;bin;rgs;gif;jpg;jpeg;jpe</Extensions>
    </Filter>
    <Filter Include="ButtonST">
      <UniqueIdentifier>{97a87b72-8761-4cd2-9895-b51eb2fa5975}</UniqueIdentifier>
    </Filter>
  </ItemGroup>
  <ItemGroup>
    <ClCompile Include="ActionPage.cpp">
      <Filter>Source Files</Filter>
    </ClCompile>
    <ClCompile Include="AmcSetup.cpp">
      <Filter>Source Files</Filter>
    </ClCompile>
    <ClCompile Include="AmcSetupDlg.cpp">
      <Filter>Source Files</Filter>
    </ClCompile>
    <ClCompile Include="AxisConfig.cpp">
      <Filter>Source Files</Filter>
    </ClCompile>
    <ClCompile Include="Console.cpp">
      <Filter>Source Files</Filter>
    </ClCompile>
    <ClCompile Include="DataView.cpp">
      <Filter>Source Files</Filter>
    </ClCompile>
    <ClCompile Include="DeviceOpenPage.cpp">
      <Filter>Source Files</Filter>
    </ClCompile>
    <ClCompile Include="ErrorCodes.cpp">
      <Filter>Source Files</Filter>
    </ClCompile>
    <ClCompile Include="FilterSetting.cpp">
      <Filter>Source Files</Filter>
    </ClCompile>
    <ClCompile Include="FsShow.cpp">
      <Filter>Source Files</Filter>
    </ClCompile>
    <ClCompile Include="IOTest.cpp">
      <Filter>Source Files</Filter>
    </ClCompile>
    <ClCompile Include="LimitSwitch.cpp">
      <Filter>Source Files</Filter>
    </ClCompile>
    <ClCompile Include="MoveMulti.cpp">
      <Filter>Source Files</Filter>
    </ClCompile>
    <ClCompile Include="MoveX.cpp">
      <Filter>Source Files</Filter>
    </ClCompile>
    <ClCompile Include="MyButton.cpp">
      <Filter>Source Files</Filter>
    </ClCompile>
    <ClCompile Include="MyPropertySheet.cpp">
      <Filter>Source Files</Filter>
    </ClCompile>
    <ClCompile Include="ParamTuning.cpp">
      <Filter>Source Files</Filter>
    </ClCompile>
    <ClCompile Include="SoftLimits.cpp">
      <Filter>Source Files</Filter>
    </ClCompile>
    <ClCompile Include="StdAfx.cpp">
      <Filter>Source Files</Filter>
    </ClCompile>
    <ClCompile Include="SyncMotion.cpp">
      <Filter>Source Files</Filter>
    </ClCompile>
    <ClCompile Include="Btn\BtnST.cpp">
      <Filter>ButtonST</Filter>
    </ClCompile>
    <ClCompile Include="Btn\ShadeButtonST.cpp">
      <Filter>ButtonST</Filter>
    </ClCompile>
    <ClCompile Include="Btn\xDib.cpp">
      <Filter>ButtonST</Filter>
    </ClCompile>
  </ItemGroup>
  <ItemGroup>
    <ResourceCompile Include="AmcSetup.rc">
      <Filter>Source Files</Filter>
    </ResourceCompile>
  </ItemGroup>
  <ItemGroup>
    <ClInclude Include="ActionPage.h">
      <Filter>Header Files</Filter>
    </ClInclude>
    <ClInclude Include="AmcSetup.h">
      <Filter>Header Files</Filter>
    </ClInclude>
    <ClInclude Include="AmcSetupDlg.h">
      <Filter>Header Files</Filter>
    </ClInclude>
    <ClInclude Include="AxisConfig.h">
      <Filter>Header Files</Filter>
    </ClInclude>
    <ClInclude Include="Console.h">
      <Filter>Header Files</Filter>
    </ClInclude>
    <ClInclude Include="DataView.h">
      <Filter>Header Files</Filter>
    </ClInclude>
    <ClInclude Include="DeviceOpenPage.h">
      <Filter>Header Files</Filter>
    </ClInclude>
    <ClInclude Include="ErrorCodes.h">
      <Filter>Header Files</Filter>
    </ClInclude>
    <ClInclude Include="FilterSetting.h">
      <Filter>Header Files</Filter>
    </ClInclude>
    <ClInclude Include="FsShow.h">
      <Filter>Header Files</Filter>
    </ClInclude>
    <ClInclude Include="IOTest.h">
      <Filter>Header Files</Filter>
    </ClInclude>
    <ClInclude Include="LimitSwitch.h">
      <Filter>Header Files</Filter>
    </ClInclude>
    <ClInclude Include="MoveMulti.h">
      <Filter>Header Files</Filter>
    </ClInclude>
    <ClInclude Include="MoveX.h">
      <Filter>Header Files</Filter>
    </ClInclude>
    <ClInclude Include="MyButton.h">
      <Filter>Header Files</Filter>
    </ClInclude>
    <ClInclude Include="MyPropertySheet.h">
      <Filter>Header Files</Filter>
    </ClInclude>
    <ClInclude Include="ParamTuning.h">
      <Filter>Header Files</Filter>
    </ClInclude>
    <ClInclude Include="Resource.h">
      <Filter>Header Files</Filter>
    </ClInclude>
    <ClInclude Include="SoftLimits.h">
      <Filter>Header Files</Filter>
    </ClInclude>
    <ClInclude Include="StdAfx.h">
      <Filter>Header Files</Filter>
    </ClInclude>
    <ClInclude Include="SyncMotion.h">
      <Filter>Header Files</Filter>
    </ClInclude>
    <ClInclude Include="Btn\BtnST.h">
      <Filter>ButtonST</Filter>
    </ClInclude>
    <ClInclude Include="Btn\ShadeButtonST.h">
      <Filter>ButtonST</Filter>
    </ClInclude>
    <ClInclude Include="Btn\xDib.h">
      <Filter>ButtonST</Filter>
    </ClInclude>
  </ItemGroup>
  <ItemGroup>
    <Image Include="res\AmcSetup.ico">
      <Filter>Resource Files</Filter>
    </Image>
    <Image Include="res\캔탑스로고-small.bmp">
      <Filter>Resource Files</Filter>
    </Image>
  </ItemGroup>
  <ItemGroup>
    <Text Include="ReadMe.txt" />
  </ItemGroup>
  <ItemGroup>
    <Library Include="..\bin\amc.lib" />
  </ItemGroup>
  <ItemGroup>
    <CustomBuild Include="res\AmcSetup.rc2">
      <Filter>Resource Files</Filter>
    </CustomBuild>
  </ItemGroup>
</Project>